
Microsoft Visual Studio Solution File, Format Version 12.00
# Visual Studio Version 16
VisualStudioVersion = 16.0.31424.327
MinimumVisualStudioVersion = 10.0.40219.1
Project("{FAE04EC0-301F-11D3-BF4B-00C04F79EFBC}") = "EfPg", "EfPg\EfPg.csproj", "{B4267208-D518-4981-A8C3-1E93872B354B}"
EndProject
Global
	GlobalSection(SolutionConfigurationPlatforms) = preSolution
		Debug|Any CPU = Debug|Any CPU
		Release|Any CPU = Release|Any CPU
	EndGlobalSection
	GlobalSection(ProjectConfigurationPlatforms) = postSolution
		{B4267208-D518-4981-A8C3-1E93872B354B}.Debug|Any CPU.ActiveCfg = Debug|Any CPU
		{B4267208-D518-4981-A8C3-1E93872B354B}.Debug|Any CPU.Build.0 = Debug|Any CPU
		{B4267208-D518-4981-A8C3-1E93872B354B}.Release|Any CPU.ActiveCfg = Release|Any CPU
		{B4267208-D518-4981-A8C3-1E93872B354B}.Release|Any CPU.Build.0 = Release|Any CPU
	EndGlobalSection
	GlobalSection(SolutionProperties) = preSolution
		HideSolutionNode = FALSE
	EndGlobalSection
	GlobalSection(ExtensibilityGlobals) = postSolution
		SolutionGuid = {0624C7A0-DFB6-4752-9D84-019884F20A47}
	EndGlobalSection
EndGlobal
